
Microsoft Visual Studio Solution File, Format Version 12.00
# Visual Studio Version 16
VisualStudioVersion = 16.0.34729.46
MinimumVisualStudioVersion = 10.0.40219.1
Project("{C9674DCB-5085-4A16-B785-4C70DD1589BD}") = "PIMS_INTEREST_HOLDER_FIX", "PIMS_INTEREST_HOLDER_FIX.dtproj", "{1E704D58-7176-4DA1-BFF5-0EF529798BF8}"
EndProject
Global
	GlobalSection(SolutionConfigurationPlatforms) = preSolution
		Development|Default = Development|Default
	EndGlobalSection
	GlobalSection(ProjectConfigurationPlatforms) = postSolution
		{1E704D58-7176-4DA1-BFF5-0EF529798BF8}.Development|Default.ActiveCfg = Development
		{1E704D58-7176-4DA1-BFF5-0EF529798BF8}.Development|Default.Build.0 = Development
	EndGlobalSection
	GlobalSection(SolutionProperties) = preSolution
		HideSolutionNode = FALSE
	EndGlobalSection
	GlobalSection(ExtensibilityGlobals) = postSolution
		SolutionGuid = {428F1100-A865-4183-9D9E-34B59319C36D}
	EndGlobalSection
EndGlobal
