
Microsoft Visual Studio Solution File, Format Version 12.00
# Visual Studio Version 16
VisualStudioVersion = 16.0.32510.428
MinimumVisualStudioVersion = 10.0.40219.1
Project("{159641D6-6404-4A2A-AE62-294DE0FE8301}") = "PAIMS_PIMS", "PAIMS_PIMS\PAIMS_PIMS.dtproj", "{99334A10-A0B4-4093-9EAA-20F41B4C0327}"
EndProject
Global
	GlobalSection(SolutionConfigurationPlatforms) = preSolution
		Development|Default = Development|Default
	EndGlobalSection
	GlobalSection(ProjectConfigurationPlatforms) = postSolution
		{99334A10-A0B4-4093-9EAA-20F41B4C0327}.Development|Default.ActiveCfg = Development
		{99334A10-A0B4-4093-9EAA-20F41B4C0327}.Development|Default.Build.0 = Development
	EndGlobalSection
	GlobalSection(SolutionProperties) = preSolution
		HideSolutionNode = FALSE
	EndGlobalSection
	GlobalSection(ExtensibilityGlobals) = postSolution
		SolutionGuid = {889A03C0-7E2B-4231-96F2-C55CF585A338}
	EndGlobalSection
EndGlobal
