
Microsoft Visual Studio Solution File, Format Version 12.00
# Visual Studio Version 16
VisualStudioVersion = 16.0.32510.428
MinimumVisualStudioVersion = 10.0.40219.1
Project("{159641D6-6404-4A2A-AE62-294DE0FE8301}") = "PAIMS_PIMS", "PAIMS_PIMS\PAIMS_PIMS.dtproj", "{BFB75DD7-A03F-47F3-857A-EC945CFDB810}"
EndProject
Global
	GlobalSection(SolutionConfigurationPlatforms) = preSolution
		Development|Default = Development|Default
	EndGlobalSection
	GlobalSection(ProjectConfigurationPlatforms) = postSolution
		{BFB75DD7-A03F-47F3-857A-EC945CFDB810}.Development|Default.ActiveCfg = Development
		{BFB75DD7-A03F-47F3-857A-EC945CFDB810}.Development|Default.Build.0 = Development
	EndGlobalSection
	GlobalSection(SolutionProperties) = preSolution
		HideSolutionNode = FALSE
	EndGlobalSection
	GlobalSection(ExtensibilityGlobals) = postSolution
		SolutionGuid = {56A535BA-94C6-4310-9A9A-D037405D15BD}
	EndGlobalSection
EndGlobal
