
Microsoft Visual Studio Solution File, Format Version 12.00
# Visual Studio Version 17
VisualStudioVersion = 17.13.35828.75
MinimumVisualStudioVersion = 10.0.40219.1
Project("{FAE04EC0-301F-11D3-BF4B-00C04F79EFBC}") = "Pims.Api", "api\Pims.Api.csproj", "{16BC0468-78F6-4C91-87DA-7403C919E646}"
EndProject
Project("{FAE04EC0-301F-11D3-BF4B-00C04F79EFBC}") = "Pims.Dal", "dal\Pims.Dal.csproj", "{6DFFF5E1-1B87-403B-99D0-A9E03D8A8EB3}"
EndProject
Project("{FAE04EC0-301F-11D3-BF4B-00C04F79EFBC}") = "Pims.Proxy", "proxy\Pims.Proxy.csproj", "{826D3B92-8D74-43F4-AD22-398632247E37}"
EndProject
Project("{FAE04EC0-301F-11D3-BF4B-00C04F79EFBC}") = "Pims.Dal.Entities", "entities\Pims.Dal.Entities.csproj", "{1C724CD5-CD24-46CD-835A-A83F673F97B5}"
EndProject
Project("{FAE04EC0-301F-11D3-BF4B-00C04F79EFBC}") = "Pims.Api.Models", "apimodels\Pims.Api.Models.csproj", "{58C42283-68DA-477F-915D-C67597543546}"
EndProject
Project("{FAE04EC0-301F-11D3-BF4B-00C04F79EFBC}") = "Pims.Scheduler", "scheduler\Pims.Scheduler.csproj", "{AC4336C5-5631-4D9D-B78F-6C2DF79A6F1F}"
EndProject
Project("{FAE04EC0-301F-11D3-BF4B-00C04F79EFBC}") = "Pims.Keycloak", "keycloak\Pims.Keycloak.csproj", "{970903E9-BC53-436F-BA77-C62349546425}"
EndProject
Project("{FAE04EC0-301F-11D3-BF4B-00C04F79EFBC}") = "Pims.Dal.Keycloak", "dal.keycloak\Pims.Dal.Keycloak.csproj", "{5697DD19-62CC-4377-ABA8-1E192376F4F6}"
EndProject
Project("{FAE04EC0-301F-11D3-BF4B-00C04F79EFBC}") = "Pims.Core", "core\Pims.Core.csproj", "{AC8F04FF-3164-41FB-9EDF-E468B8B77837}"
EndProject
Project("{FAE04EC0-301F-11D3-BF4B-00C04F79EFBC}") = "Pims.Core.Api", "core.api\Pims.Core.Api.csproj", "{89A99CC5-ADFB-4FC2-9136-7B0029EEA2D8}"
EndProject
Project("{FAE04EC0-301F-11D3-BF4B-00C04F79EFBC}") = "Pims.Geocoder", "geocoder\Pims.Geocoder.csproj", "{BF7450E8-B3C5-46FB-BEC1-C5FC1C5964DC}"
EndProject
Project("{FAE04EC0-301F-11D3-BF4B-00C04F79EFBC}") = "Pims.Ltsa", "ltsa\Pims.Ltsa.csproj", "{1ED5DF03-7784-44EC-B02B-516167210CCF}"
EndProject
Project("{FAE04EC0-301F-11D3-BF4B-00C04F79EFBC}") = "Pims.Av", "clamav\Pims.Av.csproj", "{63CB6B30-E68E-57D8-EC6B-F2399A1A583F}"
EndProject
Global
	GlobalSection(SolutionConfigurationPlatforms) = preSolution
		Debug|Any CPU = Debug|Any CPU
		Release|Any CPU = Release|Any CPU
	EndGlobalSection
	GlobalSection(ProjectConfigurationPlatforms) = postSolution
		{16BC0468-78F6-4C91-87DA-7403C919E646}.Debug|Any CPU.ActiveCfg = Debug|Any CPU
		{16BC0468-78F6-4C91-87DA-7403C919E646}.Debug|Any CPU.Build.0 = Debug|Any CPU
		{16BC0468-78F6-4C91-87DA-7403C919E646}.Release|Any CPU.ActiveCfg = Release|Any CPU
		{16BC0468-78F6-4C91-87DA-7403C919E646}.Release|Any CPU.Build.0 = Release|Any CPU
		{6DFFF5E1-1B87-403B-99D0-A9E03D8A8EB3}.Debug|Any CPU.ActiveCfg = Debug|Any CPU
		{6DFFF5E1-1B87-403B-99D0-A9E03D8A8EB3}.Debug|Any CPU.Build.0 = Debug|Any CPU
		{6DFFF5E1-1B87-403B-99D0-A9E03D8A8EB3}.Release|Any CPU.ActiveCfg = Release|Any CPU
		{6DFFF5E1-1B87-403B-99D0-A9E03D8A8EB3}.Release|Any CPU.Build.0 = Release|Any CPU
		{826D3B92-8D74-43F4-AD22-398632247E37}.Debug|Any CPU.ActiveCfg = Debug|Any CPU
		{826D3B92-8D74-43F4-AD22-398632247E37}.Debug|Any CPU.Build.0 = Debug|Any CPU
		{826D3B92-8D74-43F4-AD22-398632247E37}.Release|Any CPU.ActiveCfg = Release|Any CPU
		{826D3B92-8D74-43F4-AD22-398632247E37}.Release|Any CPU.Build.0 = Release|Any CPU
		{1C724CD5-CD24-46CD-835A-A83F673F97B5}.Debug|Any CPU.ActiveCfg = Debug|Any CPU
		{1C724CD5-CD24-46CD-835A-A83F673F97B5}.Debug|Any CPU.Build.0 = Debug|Any CPU
		{1C724CD5-CD24-46CD-835A-A83F673F97B5}.Release|Any CPU.ActiveCfg = Release|Any CPU
		{1C724CD5-CD24-46CD-835A-A83F673F97B5}.Release|Any CPU.Build.0 = Release|Any CPU
		{58C42283-68DA-477F-915D-C67597543546}.Debug|Any CPU.ActiveCfg = Debug|Any CPU
		{58C42283-68DA-477F-915D-C67597543546}.Debug|Any CPU.Build.0 = Debug|Any CPU
		{58C42283-68DA-477F-915D-C67597543546}.Release|Any CPU.ActiveCfg = Release|Any CPU
		{58C42283-68DA-477F-915D-C67597543546}.Release|Any CPU.Build.0 = Release|Any CPU
		{AC4336C5-5631-4D9D-B78F-6C2DF79A6F1F}.Debug|Any CPU.ActiveCfg = Debug|Any CPU
		{AC4336C5-5631-4D9D-B78F-6C2DF79A6F1F}.Debug|Any CPU.Build.0 = Debug|Any CPU
		{AC4336C5-5631-4D9D-B78F-6C2DF79A6F1F}.Release|Any CPU.ActiveCfg = Release|Any CPU
		{AC4336C5-5631-4D9D-B78F-6C2DF79A6F1F}.Release|Any CPU.Build.0 = Release|Any CPU
		{970903E9-BC53-436F-BA77-C62349546425}.Debug|Any CPU.ActiveCfg = Debug|Any CPU
		{970903E9-BC53-436F-BA77-C62349546425}.Debug|Any CPU.Build.0 = Debug|Any CPU
		{970903E9-BC53-436F-BA77-C62349546425}.Release|Any CPU.ActiveCfg = Release|Any CPU
		{970903E9-BC53-436F-BA77-C62349546425}.Release|Any CPU.Build.0 = Release|Any CPU
		{5697DD19-62CC-4377-ABA8-1E192376F4F6}.Debug|Any CPU.ActiveCfg = Debug|Any CPU
		{5697DD19-62CC-4377-ABA8-1E192376F4F6}.Debug|Any CPU.Build.0 = Debug|Any CPU
		{5697DD19-62CC-4377-ABA8-1E192376F4F6}.Release|Any CPU.ActiveCfg = Release|Any CPU
		{5697DD19-62CC-4377-ABA8-1E192376F4F6}.Release|Any CPU.Build.0 = Release|Any CPU
		{AC8F04FF-3164-41FB-9EDF-E468B8B77837}.Debug|Any CPU.ActiveCfg = Debug|Any CPU
		{AC8F04FF-3164-41FB-9EDF-E468B8B77837}.Debug|Any CPU.Build.0 = Debug|Any CPU
		{AC8F04FF-3164-41FB-9EDF-E468B8B77837}.Release|Any CPU.ActiveCfg = Release|Any CPU
		{AC8F04FF-3164-41FB-9EDF-E468B8B77837}.Release|Any CPU.Build.0 = Release|Any CPU
		{89A99CC5-ADFB-4FC2-9136-7B0029EEA2D8}.Debug|Any CPU.ActiveCfg = Debug|Any CPU
		{89A99CC5-ADFB-4FC2-9136-7B0029EEA2D8}.Debug|Any CPU.Build.0 = Debug|Any CPU
		{89A99CC5-ADFB-4FC2-9136-7B0029EEA2D8}.Release|Any CPU.ActiveCfg = Release|Any CPU
		{89A99CC5-ADFB-4FC2-9136-7B0029EEA2D8}.Release|Any CPU.Build.0 = Release|Any CPU
		{BF7450E8-B3C5-46FB-BEC1-C5FC1C5964DC}.Debug|Any CPU.ActiveCfg = Debug|Any CPU
		{BF7450E8-B3C5-46FB-BEC1-C5FC1C5964DC}.Debug|Any CPU.Build.0 = Debug|Any CPU
		{BF7450E8-B3C5-46FB-BEC1-C5FC1C5964DC}.Release|Any CPU.ActiveCfg = Release|Any CPU
		{BF7450E8-B3C5-46FB-BEC1-C5FC1C5964DC}.Release|Any CPU.Build.0 = Release|Any CPU
		{1ED5DF03-7784-44EC-B02B-516167210CCF}.Debug|Any CPU.ActiveCfg = Debug|Any CPU
		{1ED5DF03-7784-44EC-B02B-516167210CCF}.Debug|Any CPU.Build.0 = Debug|Any CPU
		{1ED5DF03-7784-44EC-B02B-516167210CCF}.Release|Any CPU.ActiveCfg = Release|Any CPU
		{1ED5DF03-7784-44EC-B02B-516167210CCF}.Release|Any CPU.Build.0 = Release|Any CPU
		{63CB6B30-E68E-57D8-EC6B-F2399A1A583F}.Debug|Any CPU.ActiveCfg = Debug|Any CPU
		{63CB6B30-E68E-57D8-EC6B-F2399A1A583F}.Debug|Any CPU.Build.0 = Debug|Any CPU
		{63CB6B30-E68E-57D8-EC6B-F2399A1A583F}.Release|Any CPU.ActiveCfg = Release|Any CPU
		{63CB6B30-E68E-57D8-EC6B-F2399A1A583F}.Release|Any CPU.Build.0 = Release|Any CPU
	EndGlobalSection
	GlobalSection(SolutionProperties) = preSolution
		HideSolutionNode = FALSE
	EndGlobalSection
	GlobalSection(ExtensibilityGlobals) = postSolution
		SolutionGuid = {2198DDB0-E914-4A28-B5A7-64ED4CC99E98}
	EndGlobalSection
EndGlobal
