
Microsoft Visual Studio Solution File, Format Version 12.00
# Visual Studio Version 17
VisualStudioVersion = 17.2.32210.308
MinimumVisualStudioVersion = 10.0.40219.1
Project("{9A19103F-16F7-4668-BE54-9A1E7A4F7556}") = "Pims.Tools.Keycloak.Sync", "Pims.Tools.Keycloak.Sync.csproj", "{951EEA85-8BCA-4D88-9CA5-0453F447DFC5}"
	ProjectSection(ProjectDependencies) = postProject
		{58C42283-68DA-477F-915D-C67597543546} = {58C42283-68DA-477F-915D-C67597543546}
	EndProjectSection
EndProject
Project("{9A19103F-16F7-4668-BE54-9A1E7A4F7556}") = "Pims.Api.Models", "..\..\..\source\backend\apimodels\Pims.Api.Models.csproj", "{58C42283-68DA-477F-915D-C67597543546}"
EndProject
Project("{9A19103F-16F7-4668-BE54-9A1E7A4F7556}") = "Pims.Keycloak", "..\..\..\source\backend\keycloak\Pims.Keycloak.csproj", "{970903E9-BC53-436F-BA77-C62349546425}"
EndProject
Global
	GlobalSection(SolutionConfigurationPlatforms) = preSolution
		Debug|Any CPU = Debug|Any CPU
		Release|Any CPU = Release|Any CPU
	EndGlobalSection
	GlobalSection(ProjectConfigurationPlatforms) = postSolution
		{951EEA85-8BCA-4D88-9CA5-0453F447DFC5}.Debug|Any CPU.ActiveCfg = Debug|Any CPU
		{951EEA85-8BCA-4D88-9CA5-0453F447DFC5}.Debug|Any CPU.Build.0 = Debug|Any CPU
		{951EEA85-8BCA-4D88-9CA5-0453F447DFC5}.Release|Any CPU.ActiveCfg = Release|Any CPU
		{951EEA85-8BCA-4D88-9CA5-0453F447DFC5}.Release|Any CPU.Build.0 = Release|Any CPU
		{58C42283-68DA-477F-915D-C67597543546}.Debug|Any CPU.ActiveCfg = Debug|Any CPU
		{58C42283-68DA-477F-915D-C67597543546}.Debug|Any CPU.Build.0 = Debug|Any CPU
		{58C42283-68DA-477F-915D-C67597543546}.Release|Any CPU.ActiveCfg = Release|Any CPU
		{58C42283-68DA-477F-915D-C67597543546}.Release|Any CPU.Build.0 = Release|Any CPU
		{970903E9-BC53-436F-BA77-C62349546425}.Debug|Any CPU.ActiveCfg = Debug|Any CPU
		{970903E9-BC53-436F-BA77-C62349546425}.Debug|Any CPU.Build.0 = Debug|Any CPU
		{970903E9-BC53-436F-BA77-C62349546425}.Release|Any CPU.ActiveCfg = Release|Any CPU
		{970903E9-BC53-436F-BA77-C62349546425}.Release|Any CPU.Build.0 = Release|Any CPU
	EndGlobalSection
	GlobalSection(SolutionProperties) = preSolution
		HideSolutionNode = FALSE
	EndGlobalSection
	GlobalSection(ExtensibilityGlobals) = postSolution
		SolutionGuid = {3F9FDECE-8BAD-4877-8333-95D409235BEB}
	EndGlobalSection
EndGlobal
