
Microsoft Visual Studio Solution File, Format Version 12.00
# Visual Studio Version 16
VisualStudioVersion = 16.0.32126.315
MinimumVisualStudioVersion = 10.0.40219.1
Project("{159641D6-6404-4A2A-AE62-294DE0FE8301}") = "LISOS_22March", "LISOS_22March\LISOS_22March.dtproj", "{BF0C9537-6549-4907-91B7-E2ED77A74F5E}"
EndProject
Global
	GlobalSection(SolutionConfigurationPlatforms) = preSolution
		Development|Default = Development|Default
	EndGlobalSection
	GlobalSection(ProjectConfigurationPlatforms) = postSolution
		{BF0C9537-6549-4907-91B7-E2ED77A74F5E}.Development|Default.ActiveCfg = Development
		{BF0C9537-6549-4907-91B7-E2ED77A74F5E}.Development|Default.Build.0 = Development
	EndGlobalSection
	GlobalSection(SolutionProperties) = preSolution
		HideSolutionNode = FALSE
	EndGlobalSection
	GlobalSection(ExtensibilityGlobals) = postSolution
		SolutionGuid = {68C6BD26-484E-4F14-BA60-F31AF0EB22B3}
	EndGlobalSection
EndGlobal
