
Microsoft Visual Studio Solution File, Format Version 12.00
# Visual Studio Version 16
VisualStudioVersion = 16.0.33027.164
MinimumVisualStudioVersion = 10.0.40219.1
Project("{C9674DCB-5085-4A16-B785-4C70DD1589BD}") = "PIMS_PROPERTY_SPATIAL_CORRECTION", "PIMS_PROPERTY_SPATIAL_CORRECTION\PIMS_PROPERTY_SPATIAL_CORRECTION.dtproj", "{35BAB474-B43C-47AC-8314-A924FDE234ED}"
EndProject
Global
	GlobalSection(SolutionConfigurationPlatforms) = preSolution
		Development|Default = Development|Default
	EndGlobalSection
	GlobalSection(ProjectConfigurationPlatforms) = postSolution
		{35BAB474-B43C-47AC-8314-A924FDE234ED}.Development|Default.ActiveCfg = Development
		{35BAB474-B43C-47AC-8314-A924FDE234ED}.Development|Default.Build.0 = Development
	EndGlobalSection
	GlobalSection(SolutionProperties) = preSolution
		HideSolutionNode = FALSE
	EndGlobalSection
	GlobalSection(ExtensibilityGlobals) = postSolution
		SolutionGuid = {AA889E59-F3AF-48C2-BD0A-AE5275CB3B9C}
	EndGlobalSection
EndGlobal
