
Microsoft Visual Studio Solution File, Format Version 12.00
# Visual Studio Version 17
VisualStudioVersion = 17.1.32407.343
MinimumVisualStudioVersion = 10.0.40219.1
Project("{FAE04EC0-301F-11D3-BF4B-00C04F79EFBC}") = "PIMS.Tests.Automation", "PIMS.Tests.Automation.csproj", "{92D95060-7878-41CD-8676-9AD17112662B}"
EndProject
Global
	GlobalSection(SolutionConfigurationPlatforms) = preSolution
		Debug|Any CPU = Debug|Any CPU
		Release|Any CPU = Release|Any CPU
	EndGlobalSection
	GlobalSection(ProjectConfigurationPlatforms) = postSolution
		{92D95060-7878-41CD-8676-9AD17112662B}.Debug|Any CPU.ActiveCfg = Debug|Any CPU
		{92D95060-7878-41CD-8676-9AD17112662B}.Debug|Any CPU.Build.0 = Debug|Any CPU
		{92D95060-7878-41CD-8676-9AD17112662B}.Release|Any CPU.ActiveCfg = Release|Any CPU
		{92D95060-7878-41CD-8676-9AD17112662B}.Release|Any CPU.Build.0 = Release|Any CPU
	EndGlobalSection
	GlobalSection(SolutionProperties) = preSolution
		HideSolutionNode = FALSE
	EndGlobalSection
	GlobalSection(ExtensibilityGlobals) = postSolution
		SolutionGuid = {45D0C91D-9A5B-438A-8D1A-1F86EC9C02AE}
	EndGlobalSection
EndGlobal
