
Microsoft Visual Studio Solution File, Format Version 12.00
# Visual Studio Version 17
VisualStudioVersion = 17.13.36105.23
MinimumVisualStudioVersion = 10.0.40219.1
Project("{FAE04EC0-301F-11D3-BF4B-00C04F79EFBC}") = "Pims.Api.Test", "api\Pims.Api.Test.csproj", "{1F4E301C-F03B-4A31-A6F2-6A77384A74DA}"
EndProject
Project("{FAE04EC0-301F-11D3-BF4B-00C04F79EFBC}") = "Pims.Core.Test", "core\Pims.Core.Test.csproj", "{5A83C636-741A-4795-8588-70F033E79B5A}"
EndProject
Project("{FAE04EC0-301F-11D3-BF4B-00C04F79EFBC}") = "Pims.Dal.Test", "dal\Pims.Dal.Test.csproj", "{412BF533-2759-4FBE-B4C6-B89DB44FB6B5}"
EndProject
Project("{FAE04EC0-301F-11D3-BF4B-00C04F79EFBC}") = "Pims.Dal.Mock.Test", "mockdal\Pims.Dal.Mock.Test.csproj", "{19FE0010-13E3-1709-9AA1-B77D42AB6957}"
EndProject
Project("{FAE04EC0-301F-11D3-BF4B-00C04F79EFBC}") = "Pims.Scheduler.Test", "scheduler\Pims.Scheduler.Test.csproj", "{93F9F57D-CA12-9BB3-9436-299C17FFE710}"
EndProject
Global
	GlobalSection(SolutionConfigurationPlatforms) = preSolution
		Debug|Any CPU = Debug|Any CPU
		Release|Any CPU = Release|Any CPU
	EndGlobalSection
	GlobalSection(ProjectConfigurationPlatforms) = postSolution
		{1F4E301C-F03B-4A31-A6F2-6A77384A74DA}.Debug|Any CPU.ActiveCfg = Debug|Any CPU
		{1F4E301C-F03B-4A31-A6F2-6A77384A74DA}.Debug|Any CPU.Build.0 = Debug|Any CPU
		{1F4E301C-F03B-4A31-A6F2-6A77384A74DA}.Release|Any CPU.ActiveCfg = Release|Any CPU
		{1F4E301C-F03B-4A31-A6F2-6A77384A74DA}.Release|Any CPU.Build.0 = Release|Any CPU
		{5A83C636-741A-4795-8588-70F033E79B5A}.Debug|Any CPU.ActiveCfg = Debug|Any CPU
		{5A83C636-741A-4795-8588-70F033E79B5A}.Debug|Any CPU.Build.0 = Debug|Any CPU
		{5A83C636-741A-4795-8588-70F033E79B5A}.Release|Any CPU.ActiveCfg = Release|Any CPU
		{5A83C636-741A-4795-8588-70F033E79B5A}.Release|Any CPU.Build.0 = Release|Any CPU
		{412BF533-2759-4FBE-B4C6-B89DB44FB6B5}.Debug|Any CPU.ActiveCfg = Debug|Any CPU
		{412BF533-2759-4FBE-B4C6-B89DB44FB6B5}.Debug|Any CPU.Build.0 = Debug|Any CPU
		{412BF533-2759-4FBE-B4C6-B89DB44FB6B5}.Release|Any CPU.ActiveCfg = Release|Any CPU
		{412BF533-2759-4FBE-B4C6-B89DB44FB6B5}.Release|Any CPU.Build.0 = Release|Any CPU
		{19FE0010-13E3-1709-9AA1-B77D42AB6957}.Debug|Any CPU.ActiveCfg = Debug|Any CPU
		{19FE0010-13E3-1709-9AA1-B77D42AB6957}.Debug|Any CPU.Build.0 = Debug|Any CPU
		{19FE0010-13E3-1709-9AA1-B77D42AB6957}.Release|Any CPU.ActiveCfg = Release|Any CPU
		{19FE0010-13E3-1709-9AA1-B77D42AB6957}.Release|Any CPU.Build.0 = Release|Any CPU
		{93F9F57D-CA12-9BB3-9436-299C17FFE710}.Debug|Any CPU.ActiveCfg = Debug|Any CPU
		{93F9F57D-CA12-9BB3-9436-299C17FFE710}.Debug|Any CPU.Build.0 = Debug|Any CPU
		{93F9F57D-CA12-9BB3-9436-299C17FFE710}.Release|Any CPU.ActiveCfg = Release|Any CPU
		{93F9F57D-CA12-9BB3-9436-299C17FFE710}.Release|Any CPU.Build.0 = Release|Any CPU
	EndGlobalSection
	GlobalSection(SolutionProperties) = preSolution
		HideSolutionNode = FALSE
	EndGlobalSection
	GlobalSection(ExtensibilityGlobals) = postSolution
		SolutionGuid = {A7C91059-FDAB-4337-BC3F-AE5FE6B403EA}
	EndGlobalSection
EndGlobal
